
Microsoft Visual Studio Solution File, Format Version 12.00
# Visual Studio Version 16
VisualStudioVersion = 16.0.30320.27
MinimumVisualStudioVersion = 10.0.40219.1
Project("{9A19103F-16F7-4668-BE54-9A1E7A4F7556}") = "TaskPlanner.Common", "TaskPlanner\TaskPlanner.Common\TaskPlanner.Common.csproj", "{C1CADF09-5470-4F59-BF50-A3448AE46564}"
EndProject
Project("{9A19103F-16F7-4668-BE54-9A1E7A4F7556}") = "TaskPlanner.Web", "TaskPlanner\TaskPlanner.Web\TaskPlanner.Web.csproj", "{82C09334-0D7B-433D-85AF-20D2B840AC5F}"
EndProject
Project("{2150E333-8FDC-42A3-9474-1A3956D46DE8}") = "Solution Items", "Solution Items", "{254BC061-526C-4F87-A97E-CBA4FAE34865}"
	ProjectSection(SolutionItems) = preProject
		.editorconfig = .editorconfig
	EndProjectSection
EndProject
Project("{9A19103F-16F7-4668-BE54-9A1E7A4F7556}") = "TaskPlanner.WasteCollectionImporter", "TaskPlanner\TaskPlanner.WasteCollectionImporter\TaskPlanner.WasteCollectionImporter.csproj", "{57679197-9DB5-4DAD-A94C-C17D590C7775}"
EndProject
Project("{9A19103F-16F7-4668-BE54-9A1E7A4F7556}") = "TaskPlanner.TelegramBot", "TaskPlanner\TaskPlanner.TelegramBot\TaskPlanner.TelegramBot.csproj", "{047E8E4E-C209-476C-BB47-4C8F7D3232A3}"
EndProject
Project("{9A19103F-16F7-4668-BE54-9A1E7A4F7556}") = "TaskPlanner.TelegramBot.Cli", "TaskPlanner\TaskPlanner.TelegramBot.Cli\TaskPlanner.TelegramBot.Cli.csproj", "{2B769F26-2D01-4A6C-88CD-A64FF7F5DFA4}"
EndProject
Global
	GlobalSection(SolutionConfigurationPlatforms) = preSolution
		Debug|Any CPU = Debug|Any CPU
		Release|Any CPU = Release|Any CPU
	EndGlobalSection
	GlobalSection(ProjectConfigurationPlatforms) = postSolution
		{C1CADF09-5470-4F59-BF50-A3448AE46564}.Debug|Any CPU.ActiveCfg = Debug|Any CPU
		{C1CADF09-5470-4F59-BF50-A3448AE46564}.Debug|Any CPU.Build.0 = Debug|Any CPU
		{C1CADF09-5470-4F59-BF50-A3448AE46564}.Release|Any CPU.ActiveCfg = Release|Any CPU
		{C1CADF09-5470-4F59-BF50-A3448AE46564}.Release|Any CPU.Build.0 = Release|Any CPU
		{82C09334-0D7B-433D-85AF-20D2B840AC5F}.Debug|Any CPU.ActiveCfg = Debug|Any CPU
		{82C09334-0D7B-433D-85AF-20D2B840AC5F}.Debug|Any CPU.Build.0 = Debug|Any CPU
		{82C09334-0D7B-433D-85AF-20D2B840AC5F}.Release|Any CPU.ActiveCfg = Release|Any CPU
		{82C09334-0D7B-433D-85AF-20D2B840AC5F}.Release|Any CPU.Build.0 = Release|Any CPU
		{57679197-9DB5-4DAD-A94C-C17D590C7775}.Debug|Any CPU.ActiveCfg = Debug|Any CPU
		{57679197-9DB5-4DAD-A94C-C17D590C7775}.Debug|Any CPU.Build.0 = Debug|Any CPU
		{57679197-9DB5-4DAD-A94C-C17D590C7775}.Release|Any CPU.ActiveCfg = Release|Any CPU
		{57679197-9DB5-4DAD-A94C-C17D590C7775}.Release|Any CPU.Build.0 = Release|Any CPU
		{047E8E4E-C209-476C-BB47-4C8F7D3232A3}.Debug|Any CPU.ActiveCfg = Debug|Any CPU
		{047E8E4E-C209-476C-BB47-4C8F7D3232A3}.Debug|Any CPU.Build.0 = Debug|Any CPU
		{047E8E4E-C209-476C-BB47-4C8F7D3232A3}.Release|Any CPU.ActiveCfg = Release|Any CPU
		{047E8E4E-C209-476C-BB47-4C8F7D3232A3}.Release|Any CPU.Build.0 = Release|Any CPU
		{2B769F26-2D01-4A6C-88CD-A64FF7F5DFA4}.Debug|Any CPU.ActiveCfg = Debug|Any CPU
		{2B769F26-2D01-4A6C-88CD-A64FF7F5DFA4}.Debug|Any CPU.Build.0 = Debug|Any CPU
		{2B769F26-2D01-4A6C-88CD-A64FF7F5DFA4}.Release|Any CPU.ActiveCfg = Release|Any CPU
		{2B769F26-2D01-4A6C-88CD-A64FF7F5DFA4}.Release|Any CPU.Build.0 = Release|Any CPU
	EndGlobalSection
	GlobalSection(SolutionProperties) = preSolution
		HideSolutionNode = FALSE
	EndGlobalSection
	GlobalSection(ExtensibilityGlobals) = postSolution
		SolutionGuid = {689891B6-5EC5-4244-A16E-4158823E98D8}
	EndGlobalSection
EndGlobal
